{
  "name": "Design-Tokens",
  "version": "1.0.0",
  "lockfileVersion": 1,
  "requires": true,
  "dependencies": {
    "@figma/plugin-typings": {
      "version": "1.16.1",
      "resolved": "https://registry.npmjs.org/@figma/plugin-typings/-/plugin-typings-1.16.1.tgz",
      "integrity": "sha512-8zJHr0UASf2eDBGW/jNV1PLB1FqNyMpy1Z7v5XODHUEDkoXO/UBfeRohx0SqIz44z/0eSG4youSzYUZoZbdeqg==",
      "dev": true
    },
    "@types/node": {
      "version": "14.11.2",
      "resolved": "https://registry.npmjs.org/@types/node/-/node-14.11.2.tgz",
      "integrity": "sha512-jiE3QIxJ8JLNcb1Ps6rDbysDhN4xa8DJJvuC9prr6w+1tIh+QAbYyNF3tyiZNLDBIuBCf4KEcV2UvQm/V60xfA=="
    },
    "typescript-bundle": {
      "version": "1.0.16",
      "resolved": "https://registry.npmjs.org/typescript-bundle/-/typescript-bundle-1.0.16.tgz",
      "integrity": "sha512-J0JXGjNNk32QOCRERYyQc99N5iZo5lcSiQJRELik5qHUS1xAe6H0ulqWX0UtUCWG9rvKBfMSD6EbuFLLKvDCqA==",
      "dev": true
    }
  }
}
